// !$*UTF8*$!
{
	archiveVersion = 1;
	classes = {
	};
	objectVersion = 48;
	objects = {

/* Begin PBXBuildFile section */
		0E997F0D7D6D71ED35C105A9 /* Pods_TeamCityTest.framework in Frameworks */ = {isa = PBXBuildFile; fileRef = B24A855DB3B7D654DB2CA899 /* Pods_TeamCityTest.framework */; };
		3F7727686B8AA3B587B371AC /* Pods_TeamCityTestUITests.framework in Frameworks */ = {isa = PBXBuildFile; fileRef = 502D20F596B7941CF322F4D1 /* Pods_TeamCityTestUITests.framework */; };
		DE4A2C53203AD24900AE800C /* AppDelegate.swift in Sources */ = {isa = PBXBuildFile; fileRef = DE4A2C52203AD24900AE800C /* AppDelegate.swift */; };
		DE4A2C55203AD24900AE800C /* ViewController.swift in Sources */ = {isa = PBXBuildFile; fileRef = DE4A2C54203AD24900AE800C /* ViewController.swift */; };
		DE4A2C58203AD24900AE800C /* Main.storyboard in Resources */ = {isa = PBXBuildFile; fileRef = DE4A2C56203AD24900AE800C /* Main.storyboard */; };
		DE4A2C5A203AD24900AE800C /* Assets.xcassets in Resources */ = {isa = PBXBuildFile; fileRef = DE4A2C59203AD24900AE800C /* Assets.xcassets */; };
		DE4A2C5D203AD24900AE800C /* LaunchScreen.storyboard in Resources */ = {isa = PBXBuildFile; fileRef = DE4A2C5B203AD24900AE800C /* LaunchScreen.storyboard */; };
		DE4A2C68203AD24900AE800C /* TeamCityTestUITests.swift in Sources */ = {isa = PBXBuildFile; fileRef = DE4A2C67203AD24900AE800C /* TeamCityTestUITests.swift */; };
		DE4A2C73203AD2EB00AE800C /* TeamCityTestUITests.xctest in CopyFiles */ = {isa = PBXBuildFile; fileRef = DE4A2C63203AD24900AE800C /* TeamCityTestUITests.xctest */; settings = {ATTRIBUTES = (CodeSignOnCopy, RemoveHeadersOnCopy, ); }; };
/* End PBXBuildFile section */

/* Begin PBXContainerItemProxy section */
		DE4A2C64203AD24900AE800C /* PBXContainerItemProxy */ = {
			isa = PBXContainerItemProxy;
			containerPortal = DE4A2C47203AD24900AE800C /* Project object */;
			proxyType = 1;
			remoteGlobalIDString = DE4A2C4E203AD24900AE800C;
			remoteInfo = TeamCityTest;
		};
/* End PBXContainerItemProxy section */

/* Begin PBXCopyFilesBuildPhase section */
		DE4A2C72203AD2E400AE800C /* CopyFiles */ = {
			isa = PBXCopyFilesBuildPhase;
			buildActionMask = 2147483647;
			dstPath = "";
			dstSubfolderSpec = 7;
			files = (
				DE4A2C73203AD2EB00AE800C /* TeamCityTestUITests.xctest in CopyFiles */,
			);
			runOnlyForDeploymentPostprocessing = 0;
		};
/* End PBXCopyFilesBuildPhase section */

/* Begin PBXFileReference section */
		11165CB413CCD14B4772A178 /* Pods-TeamCityTest.debug.xcconfig */ = {isa = PBXFileReference; includeInIndex = 1; lastKnownFileType = text.xcconfig; name = "Pods-TeamCityTest.debug.xcconfig"; path = "Pods/Target Support Files/Pods-TeamCityTest/Pods-TeamCityTest.debug.xcconfig"; sourceTree = "<group>"; };
		161B1AEA741D917349A1F83E /* Pods-TeamCityTestUITests.release.xcconfig */ = {isa = PBXFileReference; includeInIndex = 1; lastKnownFileType = text.xcconfig; name = "Pods-TeamCityTestUITests.release.xcconfig"; path = "Pods/Target Support Files/Pods-TeamCityTestUITests/Pods-TeamCityTestUITests.release.xcconfig"; sourceTree = "<group>"; };
		502D20F596B7941CF322F4D1 /* Pods_TeamCityTestUITests.framework */ = {isa = PBXFileReference; explicitFileType = wrapper.framework; includeInIndex = 0; path = Pods_TeamCityTestUITests.framework; sourceTree = BUILT_PRODUCTS_DIR; };
		639DE6D17B12230BDCC40950 /* Pods-TeamCityTestUITests.debug.xcconfig */ = {isa = PBXFileReference; includeInIndex = 1; lastKnownFileType = text.xcconfig; name = "Pods-TeamCityTestUITests.debug.xcconfig"; path = "Pods/Target Support Files/Pods-TeamCityTestUITests/Pods-TeamCityTestUITests.debug.xcconfig"; sourceTree = "<group>"; };
		8C60BD5C9DC3FE8804BDAC1B /* Pods-TeamCityTest.release.xcconfig */ = {isa = PBXFileReference; includeInIndex = 1; lastKnownFileType = text.xcconfig; name = "Pods-TeamCityTest.release.xcconfig"; path = "Pods/Target Support Files/Pods-TeamCityTest/Pods-TeamCityTest.release.xcconfig"; sourceTree = "<group>"; };
		B24A855DB3B7D654DB2CA899 /* Pods_TeamCityTest.framework */ = {isa = PBXFileReference; explicitFileType = wrapper.framework; includeInIndex = 0; path = Pods_TeamCityTest.framework; sourceTree = BUILT_PRODUCTS_DIR; };
		DE4A2C4F203AD24900AE800C /* TeamCityTest.app */ = {isa = PBXFileReference; explicitFileType = wrapper.application; includeInIndex = 0; path = TeamCityTest.app; sourceTree = BUILT_PRODUCTS_DIR; };
		DE4A2C52203AD24900AE800C /* AppDelegate.swift */ = {isa = PBXFileReference; lastKnownFileType = sourcecode.swift; path = AppDelegate.swift; sourceTree = "<group>"; };
		DE4A2C54203AD24900AE800C /* ViewController.swift */ = {isa = PBXFileReference; lastKnownFileType = sourcecode.swift; path = ViewController.swift; sourceTree = "<group>"; };
		DE4A2C57203AD24900AE800C /* Base */ = {isa = PBXFileReference; lastKnownFileType = file.storyboard; name = Base; path = Base.lproj/Main.storyboard; sourceTree = "<group>"; };
		DE4A2C59203AD24900AE800C /* Assets.xcassets */ = {isa = PBXFileReference; lastKnownFileType = folder.assetcatalog; path = Assets.xcassets; sourceTree = "<group>"; };
		DE4A2C5C203AD24900AE800C /* Base */ = {isa = PBXFileReference; lastKnownFileType = file.storyboard; name = Base; path = Base.lproj/LaunchScreen.storyboard; sourceTree = "<group>"; };
		DE4A2C5E203AD24900AE800C /* Info.plist */ = {isa = PBXFileReference; lastKnownFileType = text.plist.xml; path = Info.plist; sourceTree = "<group>"; };
		DE4A2C63203AD24900AE800C /* TeamCityTestUITests.xctest */ = {isa = PBXFileReference; explicitFileType = wrapper.cfbundle; includeInIndex = 0; path = TeamCityTestUITests.xctest; sourceTree = BUILT_PRODUCTS_DIR; };
		DE4A2C67203AD24900AE800C /* TeamCityTestUITests.swift */ = {isa = PBXFileReference; lastKnownFileType = sourcecode.swift; path = TeamCityTestUITests.swift; sourceTree = "<group>"; };
		DE4A2C69203AD24900AE800C /* Info.plist */ = {isa = PBXFileReference; lastKnownFileType = text.plist.xml; path = Info.plist; sourceTree = "<group>"; };
/* End PBXFileReference section */

/* Begin PBXFrameworksBuildPhase section */
		DE4A2C4C203AD24900AE800C /* Frameworks */ = {
			isa = PBXFrameworksBuildPhase;
			buildActionMask = 2147483647;
			files = (
				0E997F0D7D6D71ED35C105A9 /* Pods_TeamCityTest.framework in Frameworks */,
			);
			runOnlyForDeploymentPostprocessing = 0;
		};
		DE4A2C60203AD24900AE800C /* Frameworks */ = {
			isa = PBXFrameworksBuildPhase;
			buildActionMask = 2147483647;
			files = (
				3F7727686B8AA3B587B371AC /* Pods_TeamCityTestUITests.framework in Frameworks */,
			);
			runOnlyForDeploymentPostprocessing = 0;
		};
/* End PBXFrameworksBuildPhase section */

/* Begin PBXGroup section */
		7E42365CD214F88BEAEB0C54 /* Pods */ = {
			isa = PBXGroup;
			children = (
				11165CB413CCD14B4772A178 /* Pods-TeamCityTest.debug.xcconfig */,
				8C60BD5C9DC3FE8804BDAC1B /* Pods-TeamCityTest.release.xcconfig */,
				639DE6D17B12230BDCC40950 /* Pods-TeamCityTestUITests.debug.xcconfig */,
				161B1AEA741D917349A1F83E /* Pods-TeamCityTestUITests.release.xcconfig */,
			);
			name = Pods;
			sourceTree = "<group>";
		};
		D288A68997EEFAC739C002F7 /* Frameworks */ = {
			isa = PBXGroup;
			children = (
				B24A855DB3B7D654DB2CA899 /* Pods_TeamCityTest.framework */,
				502D20F596B7941CF322F4D1 /* Pods_TeamCityTestUITests.framework */,
			);
			name = Frameworks;
			sourceTree = "<group>";
		};
		DE4A2C46203AD24900AE800C = {
			isa = PBXGroup;
			children = (
				DE4A2C51203AD24900AE800C /* TeamCityTest */,
				DE4A2C66203AD24900AE800C /* TeamCityTestUITests */,
				DE4A2C50203AD24900AE800C /* Products */,
				7E42365CD214F88BEAEB0C54 /* Pods */,
				D288A68997EEFAC739C002F7 /* Frameworks */,
			);
			sourceTree = "<group>";
		};
		DE4A2C50203AD24900AE800C /* Products */ = {
			isa = PBXGroup;
			children = (
				DE4A2C4F203AD24900AE800C /* TeamCityTest.app */,
				DE4A2C63203AD24900AE800C /* TeamCityTestUITests.xctest */,
			);
			name = Products;
			sourceTree = "<group>";
		};
		DE4A2C51203AD24900AE800C /* TeamCityTest */ = {
			isa = PBXGroup;
			children = (
				DE4A2C52203AD24900AE800C /* AppDelegate.swift */,
				DE4A2C54203AD24900AE800C /* ViewController.swift */,
				DE4A2C56203AD24900AE800C /* Main.storyboard */,
				DE4A2C59203AD24900AE800C /* Assets.xcassets */,
				DE4A2C5B203AD24900AE800C /* LaunchScreen.storyboard */,
				DE4A2C5E203AD24900AE800C /* Info.plist */,
			);
			path = TeamCityTest;
			sourceTree = "<group>";
		};
		DE4A2C66203AD24900AE800C /* TeamCityTestUITests */ = {
			isa = PBXGroup;
			children = (
				DE4A2C67203AD24900AE800C /* TeamCityTestUITests.swift */,
				DE4A2C69203AD24900AE800C /* Info.plist */,
			);
			path = TeamCityTestUITests;
			sourceTree = "<group>";
		};
/* End PBXGroup section */

/* Begin PBXNativeTarget section */
		DE4A2C4E203AD24900AE800C /* TeamCityTest */ = {
			isa = PBXNativeTarget;
			buildConfigurationList = DE4A2C6C203AD24900AE800C /* Build configuration list for PBXNativeTarget "TeamCityTest" */;
			buildPhases = (
				9CFC870F60C3BED5E94A6F4E /* [CP] Check Pods Manifest.lock */,
				DE4A2C4B203AD24900AE800C /* Sources */,
				DE4A2C4C203AD24900AE800C /* Frameworks */,
				DE4A2C4D203AD24900AE800C /* Resources */,
				2FBB396D78D43BDA40490D07 /* [CP] Embed Pods Frameworks */,
				A51102A89712D8B7838DC926 /* [CP] Copy Pods Resources */,
			);
			buildRules = (
			);
			dependencies = (
			);
			name = TeamCityTest;
			productName = TeamCityTest;
			productReference = DE4A2C4F203AD24900AE800C /* TeamCityTest.app */;
			productType = "com.apple.product-type.application";
		};
		DE4A2C62203AD24900AE800C /* TeamCityTestUITests */ = {
			isa = PBXNativeTarget;
			buildConfigurationList = DE4A2C6F203AD24900AE800C /* Build configuration list for PBXNativeTarget "TeamCityTestUITests" */;
			buildPhases = (
				BB5900D204F540624516EFEC /* [CP] Check Pods Manifest.lock */,
				DE4A2C5F203AD24900AE800C /* Sources */,
				DE4A2C60203AD24900AE800C /* Frameworks */,
				DE4A2C61203AD24900AE800C /* Resources */,
				994BF861F1E49FDF5CA6F2E4 /* [CP] Embed Pods Frameworks */,
				88EA09E1556A0F6076C57F86 /* [CP] Copy Pods Resources */,
				DE4A2C72203AD2E400AE800C /* CopyFiles */,
			);
			buildRules = (
			);
			dependencies = (
				DE4A2C65203AD24900AE800C /* PBXTargetDependency */,
			);
			name = TeamCityTestUITests;
			productName = TeamCityTestUITests;
			productReference = DE4A2C63203AD24900AE800C /* TeamCityTestUITests.xctest */;
			productType = "com.apple.product-type.bundle.ui-testing";
		};
/* End PBXNativeTarget section */

/* Begin PBXProject section */
		DE4A2C47203AD24900AE800C /* Project object */ = {
			isa = PBXProject;
			attributes = {
				LastSwiftUpdateCheck = 0920;
				LastUpgradeCheck = 0920;
				ORGANIZATIONNAME = "Aleksander Evtuhov";
				TargetAttributes = {
					DE4A2C4E203AD24900AE800C = {
						CreatedOnToolsVersion = 9.2;
						ProvisioningStyle = Automatic;
					};
					DE4A2C62203AD24900AE800C = {
						CreatedOnToolsVersion = 9.2;
						ProvisioningStyle = Automatic;
						TestTargetID = DE4A2C4E203AD24900AE800C;
					};
				};
			};
			buildConfigurationList = DE4A2C4A203AD24900AE800C /* Build configuration list for PBXProject "TeamCityTest" */;
			compatibilityVersion = "Xcode 8.0";
			developmentRegion = en;
			hasScannedForEncodings = 0;
			knownRegions = (
				en,
				Base,
			);
			mainGroup = DE4A2C46203AD24900AE800C;
			productRefGroup = DE4A2C50203AD24900AE800C /* Products */;
			projectDirPath = "";
			projectRoot = "";
			targets = (
				DE4A2C4E203AD24900AE800C /* TeamCityTest */,
				DE4A2C62203AD24900AE800C /* TeamCityTestUITests */,
			);
		};
/* End PBXProject section */

/* Begin PBXResourcesBuildPhase section */
		DE4A2C4D203AD24900AE800C /* Resources */ = {
			isa = PBXResourcesBuildPhase;
			buildActionMask = 2147483647;
			files = (
				DE4A2C5D203AD24900AE800C /* LaunchScreen.storyboard in Resources */,
				DE4A2C5A203AD24900AE800C /* Assets.xcassets in Resources */,
				DE4A2C58203AD24900AE800C /* Main.storyboard in Resources */,
			);
			runOnlyForDeploymentPostprocessing = 0;
		};
		DE4A2C61203AD24900AE800C /* Resources */ = {
			isa = PBXResourcesBuildPhase;
			buildActionMask = 2147483647;
			files = (
			);
			runOnlyForDeploymentPostprocessing = 0;
		};
/* End PBXResourcesBuildPhase section */

/* Begin PBXShellScriptBuildPhase section */
		2FBB396D78D43BDA40490D07 /* [CP] Embed Pods Frameworks */ = {
			isa = PBXShellScriptBuildPhase;
			buildActionMask = 2147483647;
			files = (
			);
			inputPaths = (
			);
			name = "[CP] Embed Pods Frameworks";
			outputPaths = (
			);
			runOnlyForDeploymentPostprocessing = 0;
			shellPath = /bin/sh;
			shellScript = "\"${SRCROOT}/Pods/Target Support Files/Pods-TeamCityTest/Pods-TeamCityTest-frameworks.sh\"\n";
			showEnvVarsInLog = 0;
		};
		88EA09E1556A0F6076C57F86 /* [CP] Copy Pods Resources */ = {
			isa = PBXShellScriptBuildPhase;
			buildActionMask = 2147483647;
			files = (
			);
			inputPaths = (
			);
			name = "[CP] Copy Pods Resources";
			outputPaths = (
			);
			runOnlyForDeploymentPostprocessing = 0;
			shellPath = /bin/sh;
			shellScript = "\"${SRCROOT}/Pods/Target Support Files/Pods-TeamCityTestUITests/Pods-TeamCityTestUITests-resources.sh\"\n";
			showEnvVarsInLog = 0;
		};
		994BF861F1E49FDF5CA6F2E4 /* [CP] Embed Pods Frameworks */ = {
			isa = PBXShellScriptBuildPhase;
			buildActionMask = 2147483647;
			files = (
			);
			inputPaths = (
			);
			name = "[CP] Embed Pods Frameworks";
			outputPaths = (
			);
			runOnlyForDeploymentPostprocessing = 0;
			shellPath = /bin/sh;
			shellScript = "\"${SRCROOT}/Pods/Target Support Files/Pods-TeamCityTestUITests/Pods-TeamCityTestUITests-frameworks.sh\"\n";
			showEnvVarsInLog = 0;
		};
		9CFC870F60C3BED5E94A6F4E /* [CP] Check Pods Manifest.lock */ = {
			isa = PBXShellScriptBuildPhase;
			buildActionMask = 2147483647;
			files = (
			);
			inputPaths = (
				"${PODS_PODFILE_DIR_PATH}/Podfile.lock",
				"${PODS_ROOT}/Manifest.lock",
			);
			name = "[CP] Check Pods Manifest.lock";
			outputPaths = (
				"$(DERIVED_FILE_DIR)/Pods-TeamCityTest-checkManifestLockResult.txt",
			);
			runOnlyForDeploymentPostprocessing = 0;
			shellPath = /bin/sh;
			shellScript = "diff \"${PODS_PODFILE_DIR_PATH}/Podfile.lock\" \"${PODS_ROOT}/Manifest.lock\" > /dev/null\nif [ $? != 0 ] ; then\n    # print error to STDERR\n    echo \"error: The sandbox is not in sync with the Podfile.lock. Run 'pod install' or update your CocoaPods installation.\" >&2\n    exit 1\nfi\n# This output is used by Xcode 'outputs' to avoid re-running this script phase.\necho \"SUCCESS\" > \"${SCRIPT_OUTPUT_FILE_0}\"\n";
			showEnvVarsInLog = 0;
		};
		A51102A89712D8B7838DC926 /* [CP] Copy Pods Resources */ = {
			isa = PBXShellScriptBuildPhase;
			buildActionMask = 2147483647;
			files = (
			);
			inputPaths = (
			);
			name = "[CP] Copy Pods Resources";
			outputPaths = (
			);
			runOnlyForDeploymentPostprocessing = 0;
			shellPath = /bin/sh;
			shellScript = "\"${SRCROOT}/Pods/Target Support Files/Pods-TeamCityTest/Pods-TeamCityTest-resources.sh\"\n";
			showEnvVarsInLog = 0;
		};
		BB5900D204F540624516EFEC /* [CP] Check Pods Manifest.lock */ = {
			isa = PBXShellScriptBuildPhase;
			buildActionMask = 2147483647;
			files = (
			);
			inputPaths = (
				"${PODS_PODFILE_DIR_PATH}/Podfile.lock",
				"${PODS_ROOT}/Manifest.lock",
			);
			name = "[CP] Check Pods Manifest.lock";
			outputPaths = (
				"$(DERIVED_FILE_DIR)/Pods-TeamCityTestUITests-checkManifestLockResult.txt",
			);
			runOnlyForDeploymentPostprocessing = 0;
			shellPath = /bin/sh;
			shellScript = "diff \"${PODS_PODFILE_DIR_PATH}/Podfile.lock\" \"${PODS_ROOT}/Manifest.lock\" > /dev/null\nif [ $? != 0 ] ; then\n    # print error to STDERR\n    echo \"error: The sandbox is not in sync with the Podfile.lock. Run 'pod install' or update your CocoaPods installation.\" >&2\n    exit 1\nfi\n# This output is used by Xcode 'outputs' to avoid re-running this script phase.\necho \"SUCCESS\" > \"${SCRIPT_OUTPUT_FILE_0}\"\n";
			showEnvVarsInLog = 0;
		};
/* End PBXShellScriptBuildPhase section */

/* Begin PBXSourcesBuildPhase section */
		DE4A2C4B203AD24900AE800C /* Sources */ = {
			isa = PBXSourcesBuildPhase;
			buildActionMask = 2147483647;
			files = (
				DE4A2C55203AD24900AE800C /* ViewController.swift in Sources */,
				DE4A2C53203AD24900AE800C /* AppDelegate.swift in Sources */,
			);
			runOnlyForDeploymentPostprocessing = 0;
		};
		DE4A2C5F203AD24900AE800C /* Sources */ = {
			isa = PBXSourcesBuildPhase;
			buildActionMask = 2147483647;
			files = (
				DE4A2C68203AD24900AE800C /* TeamCityTestUITests.swift in Sources */,
			);
			runOnlyForDeploymentPostprocessing = 0;
		};
/* End PBXSourcesBuildPhase section */

/* Begin PBXTargetDependency section */
		DE4A2C65203AD24900AE800C /* PBXTargetDependency */ = {
			isa = PBXTargetDependency;
			target = DE4A2C4E203AD24900AE800C /* TeamCityTest */;
			targetProxy = DE4A2C64203AD24900AE800C /* PBXContainerItemProxy */;
		};
/* End PBXTargetDependency section */

/* Begin PBXVariantGroup section */
		DE4A2C56203AD24900AE800C /* Main.storyboard */ = {
			isa = PBXVariantGroup;
			children = (
				DE4A2C57203AD24900AE800C /* Base */,
			);
			name = Main.storyboard;
			sourceTree = "<group>";
		};
		DE4A2C5B203AD24900AE800C /* LaunchScreen.storyboard */ = {
			isa = PBXVariantGroup;
			children = (
				DE4A2C5C203AD24900AE800C /* Base */,
			);
			name = LaunchScreen.storyboard;
			sourceTree = "<group>";
		};
/* End PBXVariantGroup section */

/* Begin XCBuildConfiguration section */
		DE4A2C6A203AD24900AE800C /* Debug */ = {
			isa = XCBuildConfiguration;
			buildSettings = {
				ALWAYS_SEARCH_USER_PATHS = NO;
				CLANG_ANALYZER_NONNULL = YES;
				CLANG_ANALYZER_NUMBER_OBJECT_CONVERSION = YES_AGGRESSIVE;
				CLANG_CXX_LANGUAGE_STANDARD = "gnu++14";
				CLANG_CXX_LIBRARY = "libc++";
				CLANG_ENABLE_MODULES = YES;
				CLANG_ENABLE_OBJC_ARC = YES;
				CLANG_WARN_BLOCK_CAPTURE_AUTORELEASING = YES;
				CLANG_WARN_BOOL_CONVERSION = YES;
				CLANG_WARN_COMMA = YES;
				CLANG_WARN_CONSTANT_CONVERSION = YES;
				CLANG_WARN_DIRECT_OBJC_ISA_USAGE = YES_ERROR;
				CLANG_WARN_DOCUMENTATION_COMMENTS = YES;
				CLANG_WARN_EMPTY_BODY = YES;
				CLANG_WARN_ENUM_CONVERSION = YES;
				CLANG_WARN_INFINITE_RECURSION = YES;
				CLANG_WARN_INT_CONVERSION = YES;
				CLANG_WARN_NON_LITERAL_NULL_CONVERSION = YES;
				CLANG_WARN_OBJC_LITERAL_CONVERSION = YES;
				CLANG_WARN_OBJC_ROOT_CLASS = YES_ERROR;
				CLANG_WARN_RANGE_LOOP_ANALYSIS = YES;
				CLANG_WARN_STRICT_PROTOTYPES = YES;
				CLANG_WARN_SUSPICIOUS_MOVE = YES;
				CLANG_WARN_UNGUARDED_AVAILABILITY = YES_AGGRESSIVE;
				CLANG_WARN_UNREACHABLE_CODE = YES;
				CLANG_WARN__DUPLICATE_METHOD_MATCH = YES;
				CODE_SIGN_IDENTITY = "iPhone Developer";
				COPY_PHASE_STRIP = NO;
				DEBUG_INFORMATION_FORMAT = dwarf;
				ENABLE_STRICT_OBJC_MSGSEND = YES;
				ENABLE_TESTABILITY = YES;
				GCC_C_LANGUAGE_STANDARD = gnu11;
				GCC_DYNAMIC_NO_PIC = NO;
				GCC_NO_COMMON_BLOCKS = YES;
				GCC_OPTIMIZATION_LEVEL = 0;
				GCC_PREPROCESSOR_DEFINITIONS = (
					"DEBUG=1",
					"$(inherited)",
				);
				GCC_WARN_64_TO_32_BIT_CONVERSION = YES;
				GCC_WARN_ABOUT_RETURN_TYPE = YES_ERROR;
				GCC_WARN_UNDECLARED_SELECTOR = YES;
				GCC_WARN_UNINITIALIZED_AUTOS = YES_AGGRESSIVE;
				GCC_WARN_UNUSED_FUNCTION = YES;
				GCC_WARN_UNUSED_VARIABLE = YES;
				IPHONEOS_DEPLOYMENT_TARGET = 11.2;
				MTL_ENABLE_DEBUG_INFO = YES;
				ONLY_ACTIVE_ARCH = YES;
				SDKROOT = iphoneos;
				SWIFT_ACTIVE_COMPILATION_CONDITIONS = DEBUG;
				SWIFT_OPTIMIZATION_LEVEL = "-Onone";
			};
			name = Debug;
		};
		DE4A2C6B203AD24900AE800C /* Release */ = {
			isa = XCBuildConfiguration;
			buildSettings = {
				ALWAYS_SEARCH_USER_PATHS = NO;
				CLANG_ANALYZER_NONNULL = YES;
				CLANG_ANALYZER_NUMBER_OBJECT_CONVERSION = YES_AGGRESSIVE;
				CLANG_CXX_LANGUAGE_STANDARD = "gnu++14";
				CLANG_CXX_LIBRARY = "libc++";
				CLANG_ENABLE_MODULES = YES;
				CLANG_ENABLE_OBJC_ARC = YES;
				CLANG_WARN_BLOCK_CAPTURE_AUTORELEASING = YES;
				CLANG_WARN_BOOL_CONVERSION = YES;
				CLANG_WARN_COMMA = YES;
				CLANG_WARN_CONSTANT_CONVERSION = YES;
				CLANG_WARN_DIRECT_OBJC_ISA_USAGE = YES_ERROR;
				CLANG_WARN_DOCUMENTATION_COMMENTS = YES;
				CLANG_WARN_EMPTY_BODY = YES;
				CLANG_WARN_ENUM_CONVERSION = YES;
				CLANG_WARN_INFINITE_RECURSION = YES;
				CLANG_WARN_INT_CONVERSION = YES;
				CLANG_WARN_NON_LITERAL_NULL_CONVERSION = YES;
				CLANG_WARN_OBJC_LITERAL_CONVERSION = YES;
				CLANG_WARN_OBJC_ROOT_CLASS = YES_ERROR;
				CLANG_WARN_RANGE_LOOP_ANALYSIS = YES;
				CLANG_WARN_STRICT_PROTOTYPES = YES;
				CLANG_WARN_SUSPICIOUS_MOVE = YES;
				CLANG_WARN_UNGUARDED_AVAILABILITY = YES_AGGRESSIVE;
				CLANG_WARN_UNREACHABLE_CODE = YES;
				CLANG_WARN__DUPLICATE_METHOD_MATCH = YES;
				CODE_SIGN_IDENTITY = "iPhone Developer";
				COPY_PHASE_STRIP = NO;
				DEBUG_INFORMATION_FORMAT = "dwarf-with-dsym";
				ENABLE_NS_ASSERTIONS = NO;
				ENABLE_STRICT_OBJC_MSGSEND = YES;
				GCC_C_LANGUAGE_STANDARD = gnu11;
				GCC_NO_COMMON_BLOCKS = YES;
				GCC_WARN_64_TO_32_BIT_CONVERSION = YES;
				GCC_WARN_ABOUT_RETURN_TYPE = YES_ERROR;
				GCC_WARN_UNDECLARED_SELECTOR = YES;
				GCC_WARN_UNINITIALIZED_AUTOS = YES_AGGRESSIVE;
				GCC_WARN_UNUSED_FUNCTION = YES;
				GCC_WARN_UNUSED_VARIABLE = YES;
				IPHONEOS_DEPLOYMENT_TARGET = 11.2;
				MTL_ENABLE_DEBUG_INFO = NO;
				SDKROOT = iphoneos;
				SWIFT_OPTIMIZATION_LEVEL = "-Owholemodule";
				VALIDATE_PRODUCT = YES;
			};
			name = Release;
		};
		DE4A2C6D203AD24900AE800C /* Debug */ = {
			isa = XCBuildConfiguration;
			baseConfigurationReference = 11165CB413CCD14B4772A178 /* Pods-TeamCityTest.debug.xcconfig */;
			buildSettings = {
				ASSETCATALOG_COMPILER_APPICON_NAME = AppIcon;
				CODE_SIGN_STYLE = Automatic;
				INFOPLIST_FILE = TeamCityTest/Info.plist;
				LD_RUNPATH_SEARCH_PATHS = "$(inherited) @executable_path/Frameworks";
				PRODUCT_BUNDLE_IDENTIFIER = xxx.TeamCityTest;
				PRODUCT_NAME = "$(TARGET_NAME)";
				SWIFT_VERSION = 4.0;
				TARGETED_DEVICE_FAMILY = "1,2";
			};
			name = Debug;
		};
		DE4A2C6E203AD24900AE800C /* Release */ = {
			isa = XCBuildConfiguration;
			baseConfigurationReference = 8C60BD5C9DC3FE8804BDAC1B /* Pods-TeamCityTest.release.xcconfig */;
			buildSettings = {
				ASSETCATALOG_COMPILER_APPICON_NAME = AppIcon;
				CODE_SIGN_STYLE = Automatic;
				INFOPLIST_FILE = TeamCityTest/Info.plist;
				LD_RUNPATH_SEARCH_PATHS = "$(inherited) @executable_path/Frameworks";
				PRODUCT_BUNDLE_IDENTIFIER = xxx.TeamCityTest;
				PRODUCT_NAME = "$(TARGET_NAME)";
				SWIFT_VERSION = 4.0;
				TARGETED_DEVICE_FAMILY = "1,2";
			};
			name = Release;
		};
		DE4A2C70203AD24900AE800C /* Debug */ = {
			isa = XCBuildConfiguration;
			baseConfigurationReference = 639DE6D17B12230BDCC40950 /* Pods-TeamCityTestUITests.debug.xcconfig */;
			buildSettings = {
				ALWAYS_EMBED_SWIFT_STANDARD_LIBRARIES = YES;
				CODE_SIGN_STYLE = Automatic;
				INFOPLIST_FILE = TeamCityTestUITests/Info.plist;
				LD_RUNPATH_SEARCH_PATHS = "$(inherited) @executable_path/Frameworks @loader_path/Frameworks";
				PRODUCT_BUNDLE_IDENTIFIER = xxx.TeamCityTestUITests;
				PRODUCT_NAME = "$(TARGET_NAME)";
				SWIFT_VERSION = 4.0;
				TARGETED_DEVICE_FAMILY = "1,2";
				TEST_TARGET_NAME = TeamCityTest;
			};
			name = Debug;
		};
		DE4A2C71203AD24900AE800C /* Release */ = {
			isa = XCBuildConfiguration;
			baseConfigurationReference = 161B1AEA741D917349A1F83E /* Pods-TeamCityTestUITests.release.xcconfig */;
			buildSettings = {
				ALWAYS_EMBED_SWIFT_STANDARD_LIBRARIES = YES;
				CODE_SIGN_STYLE = Automatic;
				INFOPLIST_FILE = TeamCityTestUITests/Info.plist;
				LD_RUNPATH_SEARCH_PATHS = "$(inherited) @executable_path/Frameworks @loader_path/Frameworks";
				PRODUCT_BUNDLE_IDENTIFIER = xxx.TeamCityTestUITests;
				PRODUCT_NAME = "$(TARGET_NAME)";
				SWIFT_VERSION = 4.0;
				TARGETED_DEVICE_FAMILY = "1,2";
				TEST_TARGET_NAME = TeamCityTest;
			};
			name = Release;
		};
/* End XCBuildConfiguration section */

/* Begin XCConfigurationList section */
		DE4A2C4A203AD24900AE800C /* Build configuration list for PBXProject "TeamCityTest" */ = {
			isa = XCConfigurationList;
			buildConfigurations = (
				DE4A2C6A203AD24900AE800C /* Debug */,
				DE4A2C6B203AD24900AE800C /* Release */,
			);
			defaultConfigurationIsVisible = 0;
			defaultConfigurationName = Release;
		};
		DE4A2C6C203AD24900AE800C /* Build configuration list for PBXNativeTarget "TeamCityTest" */ = {
			isa = XCConfigurationList;
			buildConfigurations = (
				DE4A2C6D203AD24900AE800C /* Debug */,
				DE4A2C6E203AD24900AE800C /* Release */,
			);
			defaultConfigurationIsVisible = 0;
			defaultConfigurationName = Release;
		};
		DE4A2C6F203AD24900AE800C /* Build configuration list for PBXNativeTarget "TeamCityTestUITests" */ = {
			isa = XCConfigurationList;
			buildConfigurations = (
				DE4A2C70203AD24900AE800C /* Debug */,
				DE4A2C71203AD24900AE800C /* Release */,
			);
			defaultConfigurationIsVisible = 0;
			defaultConfigurationName = Release;
		};
/* End XCConfigurationList section */
	};
	rootObject = DE4A2C47203AD24900AE800C /* Project object */;
}
